
Microsoft Visual Studio Solution File, Format Version 12.00
# Visual Studio Version 16
VisualStudioVersion = 16.0.29306.81
MinimumVisualStudioVersion = 10.0.40219.1
Project("{8BC9CEB8-8B4A-11D0-8D11-00A0C91BC942}") = "DirtFix", "DirtFix\DirtFix.vcxproj", "{6A4E0B46-D7F2-4C46-93C6-7900F07A3B5A}"
	ProjectSection(ProjectDependencies) = postProject
		{8722B7A9-5B76-4E69-A8F0-D533FA352791} = {8722B7A9-5B76-4E69-A8F0-D533FA352791}
	EndProjectSection
EndProject
Project("{2150E333-8FDC-42A3-9474-1A3956D46DE8}") = "Solution Items", "Solution Items", "{E092A9E4-C507-4382-88A2-EA2B7131A7C6}"
	ProjectSection(SolutionItems) = preProject
		ReadMe.md = ReadMe.md
	EndProjectSection
EndProject
Project("{8BC9CEB8-8B4A-11D0-8D11-00A0C91BC942}") = "dinput8", "dinput8\dinput8.vcxproj", "{8722B7A9-5B76-4E69-A8F0-D533FA352791}"
EndProject
Global
	GlobalSection(SolutionConfigurationPlatforms) = preSolution
		Debug|x64 = Debug|x64
		Debug|x86 = Debug|x86
		Release|x64 = Release|x64
		Release|x86 = Release|x86
	EndGlobalSection
	GlobalSection(ProjectConfigurationPlatforms) = postSolution
		{6A4E0B46-D7F2-4C46-93C6-7900F07A3B5A}.Debug|x64.ActiveCfg = Debug|x64
		{6A4E0B46-D7F2-4C46-93C6-7900F07A3B5A}.Debug|x64.Build.0 = Debug|x64
		{6A4E0B46-D7F2-4C46-93C6-7900F07A3B5A}.Debug|x86.ActiveCfg = Debug|Win32
		{6A4E0B46-D7F2-4C46-93C6-7900F07A3B5A}.Debug|x86.Build.0 = Debug|Win32
		{6A4E0B46-D7F2-4C46-93C6-7900F07A3B5A}.Release|x64.ActiveCfg = Release|x64
		{6A4E0B46-D7F2-4C46-93C6-7900F07A3B5A}.Release|x64.Build.0 = Release|x64
		{6A4E0B46-D7F2-4C46-93C6-7900F07A3B5A}.Release|x86.ActiveCfg = Release|Win32
		{6A4E0B46-D7F2-4C46-93C6-7900F07A3B5A}.Release|x86.Build.0 = Release|Win32
		{8722B7A9-5B76-4E69-A8F0-D533FA352791}.Debug|x64.ActiveCfg = Debug|x64
		{8722B7A9-5B76-4E69-A8F0-D533FA352791}.Debug|x64.Build.0 = Debug|x64
		{8722B7A9-5B76-4E69-A8F0-D533FA352791}.Debug|x86.ActiveCfg = Debug|Win32
		{8722B7A9-5B76-4E69-A8F0-D533FA352791}.Debug|x86.Build.0 = Debug|Win32
		{8722B7A9-5B76-4E69-A8F0-D533FA352791}.Release|x64.ActiveCfg = Release|x64
		{8722B7A9-5B76-4E69-A8F0-D533FA352791}.Release|x64.Build.0 = Release|x64
		{8722B7A9-5B76-4E69-A8F0-D533FA352791}.Release|x86.ActiveCfg = Release|Win32
		{8722B7A9-5B76-4E69-A8F0-D533FA352791}.Release|x86.Build.0 = Release|Win32
	EndGlobalSection
	GlobalSection(SolutionProperties) = preSolution
		HideSolutionNode = FALSE
	EndGlobalSection
	GlobalSection(ExtensibilityGlobals) = postSolution
		SolutionGuid = {94203210-4456-4717-B735-3E7FF8ACEBF3}
	EndGlobalSection
EndGlobal
